
Microsoft Visual Studio Solution File, Format Version 12.00
# Visual Studio Version 17
VisualStudioVersion = 17.13.35806.99
MinimumVisualStudioVersion = 10.0.40219.1
Project("{8BC9CEB8-8B4A-11D0-8D11-00A0C91BC942}") = "Lab9", "Lab9.vcxproj", "{8D489E73-1581-42E3-9030-71290C084309}"
EndProject
Project("{8BC9CEB8-8B4A-11D0-8D11-00A0C91BC942}") = "dop1", "..\dop1\dop1.vcxproj", "{04756221-E7CF-4794-A65B-F651E3CE2161}"
EndProject
Project("{8BC9CEB8-8B4A-11D0-8D11-00A0C91BC942}") = "dop1_2", "..\dop1_@\dop1_@.vcxproj", "{3E2B4127-351E-4173-A239-FB458F2F314E}"
EndProject
Project("{8BC9CEB8-8B4A-11D0-8D11-00A0C91BC942}") = "dop2", "..\dop2\dop2.vcxproj", "{AA7780C9-137B-4F0A-9B9B-CE30D65CFB59}"
EndProject
Global
	GlobalSection(SolutionConfigurationPlatforms) = preSolution
		Debug|x64 = Debug|x64
		Debug|x86 = Debug|x86
		Release|x64 = Release|x64
		Release|x86 = Release|x86
	EndGlobalSection
	GlobalSection(ProjectConfigurationPlatforms) = postSolution
		{8D489E73-1581-42E3-9030-71290C084309}.Debug|x64.ActiveCfg = Debug|x64
		{8D489E73-1581-42E3-9030-71290C084309}.Debug|x64.Build.0 = Debug|x64
		{8D489E73-1581-42E3-9030-71290C084309}.Debug|x86.ActiveCfg = Debug|Win32
		{8D489E73-1581-42E3-9030-71290C084309}.Debug|x86.Build.0 = Debug|Win32
		{8D489E73-1581-42E3-9030-71290C084309}.Release|x64.ActiveCfg = Release|x64
		{8D489E73-1581-42E3-9030-71290C084309}.Release|x64.Build.0 = Release|x64
		{8D489E73-1581-42E3-9030-71290C084309}.Release|x86.ActiveCfg = Release|Win32
		{8D489E73-1581-42E3-9030-71290C084309}.Release|x86.Build.0 = Release|Win32
		{04756221-E7CF-4794-A65B-F651E3CE2161}.Debug|x64.ActiveCfg = Debug|x64
		{04756221-E7CF-4794-A65B-F651E3CE2161}.Debug|x64.Build.0 = Debug|x64
		{04756221-E7CF-4794-A65B-F651E3CE2161}.Debug|x86.ActiveCfg = Debug|Win32
		{04756221-E7CF-4794-A65B-F651E3CE2161}.Debug|x86.Build.0 = Debug|Win32
		{04756221-E7CF-4794-A65B-F651E3CE2161}.Release|x64.ActiveCfg = Release|x64
		{04756221-E7CF-4794-A65B-F651E3CE2161}.Release|x64.Build.0 = Release|x64
		{04756221-E7CF-4794-A65B-F651E3CE2161}.Release|x86.ActiveCfg = Release|Win32
		{04756221-E7CF-4794-A65B-F651E3CE2161}.Release|x86.Build.0 = Release|Win32
		{3E2B4127-351E-4173-A239-FB458F2F314E}.Debug|x64.ActiveCfg = Debug|x64
		{3E2B4127-351E-4173-A239-FB458F2F314E}.Debug|x64.Build.0 = Debug|x64
		{3E2B4127-351E-4173-A239-FB458F2F314E}.Debug|x86.ActiveCfg = Debug|Win32
		{3E2B4127-351E-4173-A239-FB458F2F314E}.Debug|x86.Build.0 = Debug|Win32
		{3E2B4127-351E-4173-A239-FB458F2F314E}.Release|x64.ActiveCfg = Release|x64
		{3E2B4127-351E-4173-A239-FB458F2F314E}.Release|x64.Build.0 = Release|x64
		{3E2B4127-351E-4173-A239-FB458F2F314E}.Release|x86.ActiveCfg = Release|Win32
		{3E2B4127-351E-4173-A239-FB458F2F314E}.Release|x86.Build.0 = Release|Win32
		{AA7780C9-137B-4F0A-9B9B-CE30D65CFB59}.Debug|x64.ActiveCfg = Debug|x64
		{AA7780C9-137B-4F0A-9B9B-CE30D65CFB59}.Debug|x64.Build.0 = Debug|x64
		{AA7780C9-137B-4F0A-9B9B-CE30D65CFB59}.Debug|x86.ActiveCfg = Debug|Win32
		{AA7780C9-137B-4F0A-9B9B-CE30D65CFB59}.Debug|x86.Build.0 = Debug|Win32
		{AA7780C9-137B-4F0A-9B9B-CE30D65CFB59}.Release|x64.ActiveCfg = Release|x64
		{AA7780C9-137B-4F0A-9B9B-CE30D65CFB59}.Release|x64.Build.0 = Release|x64
		{AA7780C9-137B-4F0A-9B9B-CE30D65CFB59}.Release|x86.ActiveCfg = Release|Win32
		{AA7780C9-137B-4F0A-9B9B-CE30D65CFB59}.Release|x86.Build.0 = Release|Win32
	EndGlobalSection
	GlobalSection(SolutionProperties) = preSolution
		HideSolutionNode = FALSE
	EndGlobalSection
	GlobalSection(ExtensibilityGlobals) = postSolution
		SolutionGuid = {97CEBA42-5C91-4B28-A9CE-671056795993}
	EndGlobalSection
EndGlobal
