
Microsoft Visual Studio Solution File, Format Version 12.00
# Visual Studio Version 17
VisualStudioVersion = 17.13.35806.99
MinimumVisualStudioVersion = 10.0.40219.1
Project("{8BC9CEB8-8B4A-11D0-8D11-00A0C91BC942}") = "Lab 12", "Lab 12.vcxproj", "{7BC7854E-B061-45BC-8268-9D01685A8002}"
EndProject
Project("{8BC9CEB8-8B4A-11D0-8D11-00A0C91BC942}") = "dopi", "..\dopi\dopi.vcxproj", "{2C554EAE-3CB8-47C9-866A-CDEC8F7EA34E}"
EndProject
Global
	GlobalSection(SolutionConfigurationPlatforms) = preSolution
		Debug|x64 = Debug|x64
		Debug|x86 = Debug|x86
		Release|x64 = Release|x64
		Release|x86 = Release|x86
	EndGlobalSection
	GlobalSection(ProjectConfigurationPlatforms) = postSolution
		{7BC7854E-B061-45BC-8268-9D01685A8002}.Debug|x64.ActiveCfg = Debug|x64
		{7BC7854E-B061-45BC-8268-9D01685A8002}.Debug|x64.Build.0 = Debug|x64
		{7BC7854E-B061-45BC-8268-9D01685A8002}.Debug|x86.ActiveCfg = Debug|Win32
		{7BC7854E-B061-45BC-8268-9D01685A8002}.Debug|x86.Build.0 = Debug|Win32
		{7BC7854E-B061-45BC-8268-9D01685A8002}.Release|x64.ActiveCfg = Release|x64
		{7BC7854E-B061-45BC-8268-9D01685A8002}.Release|x64.Build.0 = Release|x64
		{7BC7854E-B061-45BC-8268-9D01685A8002}.Release|x86.ActiveCfg = Release|Win32
		{7BC7854E-B061-45BC-8268-9D01685A8002}.Release|x86.Build.0 = Release|Win32
		{2C554EAE-3CB8-47C9-866A-CDEC8F7EA34E}.Debug|x64.ActiveCfg = Debug|x64
		{2C554EAE-3CB8-47C9-866A-CDEC8F7EA34E}.Debug|x64.Build.0 = Debug|x64
		{2C554EAE-3CB8-47C9-866A-CDEC8F7EA34E}.Debug|x86.ActiveCfg = Debug|Win32
		{2C554EAE-3CB8-47C9-866A-CDEC8F7EA34E}.Debug|x86.Build.0 = Debug|Win32
		{2C554EAE-3CB8-47C9-866A-CDEC8F7EA34E}.Release|x64.ActiveCfg = Release|x64
		{2C554EAE-3CB8-47C9-866A-CDEC8F7EA34E}.Release|x64.Build.0 = Release|x64
		{2C554EAE-3CB8-47C9-866A-CDEC8F7EA34E}.Release|x86.ActiveCfg = Release|Win32
		{2C554EAE-3CB8-47C9-866A-CDEC8F7EA34E}.Release|x86.Build.0 = Release|Win32
	EndGlobalSection
	GlobalSection(SolutionProperties) = preSolution
		HideSolutionNode = FALSE
	EndGlobalSection
	GlobalSection(ExtensibilityGlobals) = postSolution
		SolutionGuid = {5CAE5927-658D-4C1D-9913-8CB4F288FF51}
	EndGlobalSection
EndGlobal
